
Microsoft Visual Studio Solution File, Format Version 12.00
# Visual Studio Version 16
VisualStudioVersion = 16.0.32413.511
MinimumVisualStudioVersion = 10.0.40219.1
Project("{FAE04EC0-301F-11D3-BF4B-00C04F79EFBC}") = "ClientJSApp", "ClientJSApp\ClientJSApp.csproj", "{B16F621C-F026-42B7-A39D-4C7261DF16FD}"
EndProject
Global
	GlobalSection(SolutionConfigurationPlatforms) = preSolution
		Debug|Any CPU = Debug|Any CPU
		Release|Any CPU = Release|Any CPU
	EndGlobalSection
	GlobalSection(ProjectConfigurationPlatforms) = postSolution
		{B16F621C-F026-42B7-A39D-4C7261DF16FD}.Debug|Any CPU.ActiveCfg = Debug|Any CPU
		{B16F621C-F026-42B7-A39D-4C7261DF16FD}.Debug|Any CPU.Build.0 = Debug|Any CPU
		{B16F621C-F026-42B7-A39D-4C7261DF16FD}.Release|Any CPU.ActiveCfg = Release|Any CPU
		{B16F621C-F026-42B7-A39D-4C7261DF16FD}.Release|Any CPU.Build.0 = Release|Any CPU
	EndGlobalSection
	GlobalSection(SolutionProperties) = preSolution
		HideSolutionNode = FALSE
	EndGlobalSection
	GlobalSection(ExtensibilityGlobals) = postSolution
		SolutionGuid = {3E4B182F-BBA8-4383-B2BF-1E7542B68166}
	EndGlobalSection
EndGlobal
